
Microsoft Visual Studio Solution File, Format Version 12.00
# Visual Studio Version 17
VisualStudioVersion = 17.6.33723.286
MinimumVisualStudioVersion = 10.0.40219.1
Project("{FAE04EC0-301F-11D3-BF4B-00C04F79EFBC}") = "Week8-Security", "Week8-Security\Week8-Security.csproj", "{8C731CE8-B4F0-47EB-8D13-579D184B90CA}"
EndProject
Global
	GlobalSection(SolutionConfigurationPlatforms) = preSolution
		Debug|Any CPU = Debug|Any CPU
		Release|Any CPU = Release|Any CPU
	EndGlobalSection
	GlobalSection(ProjectConfigurationPlatforms) = postSolution
		{8C731CE8-B4F0-47EB-8D13-579D184B90CA}.Debug|Any CPU.ActiveCfg = Debug|Any CPU
		{8C731CE8-B4F0-47EB-8D13-579D184B90CA}.Debug|Any CPU.Build.0 = Debug|Any CPU
		{8C731CE8-B4F0-47EB-8D13-579D184B90CA}.Release|Any CPU.ActiveCfg = Release|Any CPU
		{8C731CE8-B4F0-47EB-8D13-579D184B90CA}.Release|Any CPU.Build.0 = Release|Any CPU
	EndGlobalSection
	GlobalSection(SolutionProperties) = preSolution
		HideSolutionNode = FALSE
	EndGlobalSection
	GlobalSection(ExtensibilityGlobals) = postSolution
		SolutionGuid = {C697D3F5-6148-470C-8393-44884C14E60A}
	EndGlobalSection
EndGlobal
